{
  "requires": true,
  "lockfileVersion": 1,
  "dependencies": {
    "node-sqlparser": {
      "version": "1.0.4",
      "resolved": "https://registry.npmjs.org/node-sqlparser/-/node-sqlparser-1.0.4.tgz",
      "integrity": "sha512-aw3UIkk+4J6e55x7JH03ZbrYBsfyoMQaCHukfOXgSGqFgc0UG/zM7njxk3y1bc5DXmmtHXlm9yLCacc+qaMBmg=="
    }
  }
}
